// !$*UTF8*$!
{
	archiveVersion = 1;
	classes = {
	};
	objectVersion = 56;
	objects = {

/* Begin PBXBuildFile section */
		003FEC8F299FD74B00BF2B85 /* QuotesWorker.swift in Sources */ = {isa = PBXBuildFile; fileRef = 003FEC8E299FD74B00BF2B85 /* QuotesWorker.swift */; };
		003FEC91299FD7F400BF2B85 /* QuotesModel.swift in Sources */ = {isa = PBXBuildFile; fileRef = 003FEC90299FD7F400BF2B85 /* QuotesModel.swift */; };
		003FEC93299FD99300BF2B85 /* QuotesEndpoint.swift in Sources */ = {isa = PBXBuildFile; fileRef = 003FEC92299FD99300BF2B85 /* QuotesEndpoint.swift */; };
		DA16412B298D764700902063 /* NetworkingLayerApp.swift in Sources */ = {isa = PBXBuildFile; fileRef = DA16412A298D764700902063 /* NetworkingLayerApp.swift */; };
		DA16412D298D764700902063 /* ContentView.swift in Sources */ = {isa = PBXBuildFile; fileRef = DA16412C298D764700902063 /* ContentView.swift */; };
		DA16412F298D764800902063 /* Assets.xcassets in Resources */ = {isa = PBXBuildFile; fileRef = DA16412E298D764800902063 /* Assets.xcassets */; };
		DA164133298D764800902063 /* Preview Assets.xcassets in Resources */ = {isa = PBXBuildFile; fileRef = DA164132298D764800902063 /* Preview Assets.xcassets */; };
		DA16413B298D767800902063 /* Networking.swift in Sources */ = {isa = PBXBuildFile; fileRef = DA16413A298D767800902063 /* Networking.swift */; };
		DA16413D298D768100902063 /* NetworkingLogic.swift in Sources */ = {isa = PBXBuildFile; fileRef = DA16413C298D768100902063 /* NetworkingLogic.swift */; };
		DA16413F298D76EF00902063 /* Endpoint.swift in Sources */ = {isa = PBXBuildFile; fileRef = DA16413E298D76EF00902063 /* Endpoint.swift */; };
		DA164141298D76FB00902063 /* NetworkingModels.swift in Sources */ = {isa = PBXBuildFile; fileRef = DA164140298D76FB00902063 /* NetworkingModels.swift */; };
		DA164143298D770800902063 /* Aliases.swift in Sources */ = {isa = PBXBuildFile; fileRef = DA164142298D770800902063 /* Aliases.swift */; };
		DA164145298D80E100902063 /* SpecificWorkingLogic.swift in Sources */ = {isa = PBXBuildFile; fileRef = DA164144298D80E100902063 /* SpecificWorkingLogic.swift */; };
/* End PBXBuildFile section */

/* Begin PBXFileReference section */
		003FEC8E299FD74B00BF2B85 /* QuotesWorker.swift */ = {isa = PBXFileReference; lastKnownFileType = sourcecode.swift; path = QuotesWorker.swift; sourceTree = "<group>"; };
		003FEC90299FD7F400BF2B85 /* QuotesModel.swift */ = {isa = PBXFileReference; lastKnownFileType = sourcecode.swift; path = QuotesModel.swift; sourceTree = "<group>"; };
		003FEC92299FD99300BF2B85 /* QuotesEndpoint.swift */ = {isa = PBXFileReference; lastKnownFileType = sourcecode.swift; path = QuotesEndpoint.swift; sourceTree = "<group>"; };
		DA164127298D764700902063 /* NetworkingLayer.app */ = {isa = PBXFileReference; explicitFileType = wrapper.application; includeInIndex = 0; path = NetworkingLayer.app; sourceTree = BUILT_PRODUCTS_DIR; };
		DA16412A298D764700902063 /* NetworkingLayerApp.swift */ = {isa = PBXFileReference; lastKnownFileType = sourcecode.swift; path = NetworkingLayerApp.swift; sourceTree = "<group>"; };
		DA16412C298D764700902063 /* ContentView.swift */ = {isa = PBXFileReference; lastKnownFileType = sourcecode.swift; path = ContentView.swift; sourceTree = "<group>"; };
		DA16412E298D764800902063 /* Assets.xcassets */ = {isa = PBXFileReference; lastKnownFileType = folder.assetcatalog; path = Assets.xcassets; sourceTree = "<group>"; };
		DA164130298D764800902063 /* NetworkingLayer.entitlements */ = {isa = PBXFileReference; lastKnownFileType = text.plist.entitlements; path = NetworkingLayer.entitlements; sourceTree = "<group>"; };
		DA164132298D764800902063 /* Preview Assets.xcassets */ = {isa = PBXFileReference; lastKnownFileType = folder.assetcatalog; path = "Preview Assets.xcassets"; sourceTree = "<group>"; };
		DA16413A298D767800902063 /* Networking.swift */ = {isa = PBXFileReference; lastKnownFileType = sourcecode.swift; path = Networking.swift; sourceTree = "<group>"; };
		DA16413C298D768100902063 /* NetworkingLogic.swift */ = {isa = PBXFileReference; lastKnownFileType = sourcecode.swift; path = NetworkingLogic.swift; sourceTree = "<group>"; };
		DA16413E298D76EF00902063 /* Endpoint.swift */ = {isa = PBXFileReference; lastKnownFileType = sourcecode.swift; path = Endpoint.swift; sourceTree = "<group>"; };
		DA164140298D76FB00902063 /* NetworkingModels.swift */ = {isa = PBXFileReference; lastKnownFileType = sourcecode.swift; path = NetworkingModels.swift; sourceTree = "<group>"; };
		DA164142298D770800902063 /* Aliases.swift */ = {isa = PBXFileReference; lastKnownFileType = sourcecode.swift; path = Aliases.swift; sourceTree = "<group>"; };
		DA164144298D80E100902063 /* SpecificWorkingLogic.swift */ = {isa = PBXFileReference; lastKnownFileType = sourcecode.swift; path = SpecificWorkingLogic.swift; sourceTree = "<group>"; };
/* End PBXFileReference section */

/* Begin PBXFrameworksBuildPhase section */
		DA164124298D764700902063 /* Frameworks */ = {
			isa = PBXFrameworksBuildPhase;
			buildActionMask = 2147483647;
			files = (
			);
			runOnlyForDeploymentPostprocessing = 0;
		};
/* End PBXFrameworksBuildPhase section */

/* Begin PBXGroup section */
		003FEC8D299FD73200BF2B85 /* RequestExample */ = {
			isa = PBXGroup;
			children = (
				003FEC8E299FD74B00BF2B85 /* QuotesWorker.swift */,
				003FEC90299FD7F400BF2B85 /* QuotesModel.swift */,
				003FEC92299FD99300BF2B85 /* QuotesEndpoint.swift */,
			);
			path = RequestExample;
			sourceTree = "<group>";
		};
		DA16411E298D764700902063 = {
			isa = PBXGroup;
			children = (
				DA164129298D764700902063 /* NetworkingLayer */,
				DA164128298D764700902063 /* Products */,
			);
			sourceTree = "<group>";
		};
		DA164128298D764700902063 /* Products */ = {
			isa = PBXGroup;
			children = (
				DA164127298D764700902063 /* NetworkingLayer.app */,
			);
			name = Products;
			sourceTree = "<group>";
		};
		DA164129298D764700902063 /* NetworkingLayer */ = {
			isa = PBXGroup;
			children = (
				003FEC8D299FD73200BF2B85 /* RequestExample */,
				DA164139298D766500902063 /* Networking */,
				DA16412A298D764700902063 /* NetworkingLayerApp.swift */,
				DA16412C298D764700902063 /* ContentView.swift */,
				DA16412E298D764800902063 /* Assets.xcassets */,
				DA164130298D764800902063 /* NetworkingLayer.entitlements */,
				DA164131298D764800902063 /* Preview Content */,
			);
			path = NetworkingLayer;
			sourceTree = "<group>";
		};
		DA164131298D764800902063 /* Preview Content */ = {
			isa = PBXGroup;
			children = (
				DA164132298D764800902063 /* Preview Assets.xcassets */,
			);
			path = "Preview Content";
			sourceTree = "<group>";
		};
		DA164139298D766500902063 /* Networking */ = {
			isa = PBXGroup;
			children = (
				DA16413A298D767800902063 /* Networking.swift */,
				DA16413C298D768100902063 /* NetworkingLogic.swift */,
				DA16413E298D76EF00902063 /* Endpoint.swift */,
				DA164140298D76FB00902063 /* NetworkingModels.swift */,
				DA164142298D770800902063 /* Aliases.swift */,
				DA164144298D80E100902063 /* SpecificWorkingLogic.swift */,
			);
			path = Networking;
			sourceTree = "<group>";
		};
/* End PBXGroup section */

/* Begin PBXNativeTarget section */
		DA164126298D764700902063 /* NetworkingLayer */ = {
			isa = PBXNativeTarget;
			buildConfigurationList = DA164136298D764800902063 /* Build configuration list for PBXNativeTarget "NetworkingLayer" */;
			buildPhases = (
				DA164123298D764700902063 /* Sources */,
				DA164124298D764700902063 /* Frameworks */,
				DA164125298D764700902063 /* Resources */,
			);
			buildRules = (
			);
			dependencies = (
			);
			name = NetworkingLayer;
			productName = NetworkingLayer;
			productReference = DA164127298D764700902063 /* NetworkingLayer.app */;
			productType = "com.apple.product-type.application";
		};
/* End PBXNativeTarget section */

/* Begin PBXProject section */
		DA16411F298D764700902063 /* Project object */ = {
			isa = PBXProject;
			attributes = {
				BuildIndependentTargetsInParallel = 1;
				LastSwiftUpdateCheck = 1420;
				LastUpgradeCheck = 1420;
				TargetAttributes = {
					DA164126298D764700902063 = {
						CreatedOnToolsVersion = 14.2;
					};
				};
			};
			buildConfigurationList = DA164122298D764700902063 /* Build configuration list for PBXProject "NetworkingLayer" */;
			compatibilityVersion = "Xcode 14.0";
			developmentRegion = en;
			hasScannedForEncodings = 0;
			knownRegions = (
				en,
				Base,
			);
			mainGroup = DA16411E298D764700902063;
			productRefGroup = DA164128298D764700902063 /* Products */;
			projectDirPath = "";
			projectRoot = "";
			targets = (
				DA164126298D764700902063 /* NetworkingLayer */,
			);
		};
/* End PBXProject section */

/* Begin PBXResourcesBuildPhase section */
		DA164125298D764700902063 /* Resources */ = {
			isa = PBXResourcesBuildPhase;
			buildActionMask = 2147483647;
			files = (
				DA164133298D764800902063 /* Preview Assets.xcassets in Resources */,
				DA16412F298D764800902063 /* Assets.xcassets in Resources */,
			);
			runOnlyForDeploymentPostprocessing = 0;
		};
/* End PBXResourcesBuildPhase section */

/* Begin PBXSourcesBuildPhase section */
		DA164123298D764700902063 /* Sources */ = {
			isa = PBXSourcesBuildPhase;
			buildActionMask = 2147483647;
			files = (
				DA16413B298D767800902063 /* Networking.swift in Sources */,
				003FEC8F299FD74B00BF2B85 /* QuotesWorker.swift in Sources */,
				003FEC91299FD7F400BF2B85 /* QuotesModel.swift in Sources */,
				DA16412D298D764700902063 /* ContentView.swift in Sources */,
				DA164145298D80E100902063 /* SpecificWorkingLogic.swift in Sources */,
				DA16413D298D768100902063 /* NetworkingLogic.swift in Sources */,
				003FEC93299FD99300BF2B85 /* QuotesEndpoint.swift in Sources */,
				DA164143298D770800902063 /* Aliases.swift in Sources */,
				DA16412B298D764700902063 /* NetworkingLayerApp.swift in Sources */,
				DA16413F298D76EF00902063 /* Endpoint.swift in Sources */,
				DA164141298D76FB00902063 /* NetworkingModels.swift in Sources */,
			);
			runOnlyForDeploymentPostprocessing = 0;
		};
/* End PBXSourcesBuildPhase section */

/* Begin XCBuildConfiguration section */
		DA164134298D764800902063 /* Debug */ = {
			isa = XCBuildConfiguration;
			buildSettings = {
				ALWAYS_SEARCH_USER_PATHS = NO;
				CLANG_ANALYZER_NONNULL = YES;
				CLANG_ANALYZER_NUMBER_OBJECT_CONVERSION = YES_AGGRESSIVE;
				CLANG_CXX_LANGUAGE_STANDARD = "gnu++20";
				CLANG_ENABLE_MODULES = YES;
				CLANG_ENABLE_OBJC_ARC = YES;
				CLANG_ENABLE_OBJC_WEAK = YES;
				CLANG_WARN_BLOCK_CAPTURE_AUTORELEASING = YES;
				CLANG_WARN_BOOL_CONVERSION = YES;
				CLANG_WARN_COMMA = YES;
				CLANG_WARN_CONSTANT_CONVERSION = YES;
				CLANG_WARN_DEPRECATED_OBJC_IMPLEMENTATIONS = YES;
				CLANG_WARN_DIRECT_OBJC_ISA_USAGE = YES_ERROR;
				CLANG_WARN_DOCUMENTATION_COMMENTS = YES;
				CLANG_WARN_EMPTY_BODY = YES;
				CLANG_WARN_ENUM_CONVERSION = YES;
				CLANG_WARN_INFINITE_RECURSION = YES;
				CLANG_WARN_INT_CONVERSION = YES;
				CLANG_WARN_NON_LITERAL_NULL_CONVERSION = YES;
				CLANG_WARN_OBJC_IMPLICIT_RETAIN_SELF = YES;
				CLANG_WARN_OBJC_LITERAL_CONVERSION = YES;
				CLANG_WARN_OBJC_ROOT_CLASS = YES_ERROR;
				CLANG_WARN_QUOTED_INCLUDE_IN_FRAMEWORK_HEADER = YES;
				CLANG_WARN_RANGE_LOOP_ANALYSIS = YES;
				CLANG_WARN_STRICT_PROTOTYPES = YES;
				CLANG_WARN_SUSPICIOUS_MOVE = YES;
				CLANG_WARN_UNGUARDED_AVAILABILITY = YES_AGGRESSIVE;
				CLANG_WARN_UNREACHABLE_CODE = YES;
				CLANG_WARN__DUPLICATE_METHOD_MATCH = YES;
				COPY_PHASE_STRIP = NO;
				DEBUG_INFORMATION_FORMAT = dwarf;
				ENABLE_STRICT_OBJC_MSGSEND = YES;
				ENABLE_TESTABILITY = YES;
				GCC_C_LANGUAGE_STANDARD = gnu11;
				GCC_DYNAMIC_NO_PIC = NO;
				GCC_NO_COMMON_BLOCKS = YES;
				GCC_OPTIMIZATION_LEVEL = 0;
				GCC_PREPROCESSOR_DEFINITIONS = (
					"DEBUG=1",
					"$(inherited)",
				);
				GCC_WARN_64_TO_32_BIT_CONVERSION = YES;
				GCC_WARN_ABOUT_RETURN_TYPE = YES_ERROR;
				GCC_WARN_UNDECLARED_SELECTOR = YES;
				GCC_WARN_UNINITIALIZED_AUTOS = YES_AGGRESSIVE;
				GCC_WARN_UNUSED_FUNCTION = YES;
				GCC_WARN_UNUSED_VARIABLE = YES;
				MTL_ENABLE_DEBUG_INFO = INCLUDE_SOURCE;
				MTL_FAST_MATH = YES;
				ONLY_ACTIVE_ARCH = YES;
				SWIFT_ACTIVE_COMPILATION_CONDITIONS = DEBUG;
				SWIFT_OPTIMIZATION_LEVEL = "-Onone";
			};
			name = Debug;
		};
		DA164135298D764800902063 /* Release */ = {
			isa = XCBuildConfiguration;
			buildSettings = {
				ALWAYS_SEARCH_USER_PATHS = NO;
				CLANG_ANALYZER_NONNULL = YES;
				CLANG_ANALYZER_NUMBER_OBJECT_CONVERSION = YES_AGGRESSIVE;
				CLANG_CXX_LANGUAGE_STANDARD = "gnu++20";
				CLANG_ENABLE_MODULES = YES;
				CLANG_ENABLE_OBJC_ARC = YES;
				CLANG_ENABLE_OBJC_WEAK = YES;
				CLANG_WARN_BLOCK_CAPTURE_AUTORELEASING = YES;
				CLANG_WARN_BOOL_CONVERSION = YES;
				CLANG_WARN_COMMA = YES;
				CLANG_WARN_CONSTANT_CONVERSION = YES;
				CLANG_WARN_DEPRECATED_OBJC_IMPLEMENTATIONS = YES;
				CLANG_WARN_DIRECT_OBJC_ISA_USAGE = YES_ERROR;
				CLANG_WARN_DOCUMENTATION_COMMENTS = YES;
				CLANG_WARN_EMPTY_BODY = YES;
				CLANG_WARN_ENUM_CONVERSION = YES;
				CLANG_WARN_INFINITE_RECURSION = YES;
				CLANG_WARN_INT_CONVERSION = YES;
				CLANG_WARN_NON_LITERAL_NULL_CONVERSION = YES;
				CLANG_WARN_OBJC_IMPLICIT_RETAIN_SELF = YES;
				CLANG_WARN_OBJC_LITERAL_CONVERSION = YES;
				CLANG_WARN_OBJC_ROOT_CLASS = YES_ERROR;
				CLANG_WARN_QUOTED_INCLUDE_IN_FRAMEWORK_HEADER = YES;
				CLANG_WARN_RANGE_LOOP_ANALYSIS = YES;
				CLANG_WARN_STRICT_PROTOTYPES = YES;
				CLANG_WARN_SUSPICIOUS_MOVE = YES;
				CLANG_WARN_UNGUARDED_AVAILABILITY = YES_AGGRESSIVE;
				CLANG_WARN_UNREACHABLE_CODE = YES;
				CLANG_WARN__DUPLICATE_METHOD_MATCH = YES;
				COPY_PHASE_STRIP = NO;
				DEBUG_INFORMATION_FORMAT = "dwarf-with-dsym";
				ENABLE_NS_ASSERTIONS = NO;
				ENABLE_STRICT_OBJC_MSGSEND = YES;
				GCC_C_LANGUAGE_STANDARD = gnu11;
				GCC_NO_COMMON_BLOCKS = YES;
				GCC_WARN_64_TO_32_BIT_CONVERSION = YES;
				GCC_WARN_ABOUT_RETURN_TYPE = YES_ERROR;
				GCC_WARN_UNDECLARED_SELECTOR = YES;
				GCC_WARN_UNINITIALIZED_AUTOS = YES_AGGRESSIVE;
				GCC_WARN_UNUSED_FUNCTION = YES;
				GCC_WARN_UNUSED_VARIABLE = YES;
				MTL_ENABLE_DEBUG_INFO = NO;
				MTL_FAST_MATH = YES;
				SWIFT_COMPILATION_MODE = wholemodule;
				SWIFT_OPTIMIZATION_LEVEL = "-O";
			};
			name = Release;
		};
		DA164137298D764800902063 /* Debug */ = {
			isa = XCBuildConfiguration;
			buildSettings = {
				ASSETCATALOG_COMPILER_APPICON_NAME = AppIcon;
				ASSETCATALOG_COMPILER_GLOBAL_ACCENT_COLOR_NAME = AccentColor;
				CODE_SIGN_ENTITLEMENTS = NetworkingLayer/NetworkingLayer.entitlements;
				CODE_SIGN_STYLE = Automatic;
				CURRENT_PROJECT_VERSION = 1;
				DEVELOPMENT_ASSET_PATHS = "\"NetworkingLayer/Preview Content\"";
				ENABLE_PREVIEWS = YES;
				GENERATE_INFOPLIST_FILE = YES;
				"INFOPLIST_KEY_UIApplicationSceneManifest_Generation[sdk=iphoneos*]" = YES;
				"INFOPLIST_KEY_UIApplicationSceneManifest_Generation[sdk=iphonesimulator*]" = YES;
				"INFOPLIST_KEY_UIApplicationSupportsIndirectInputEvents[sdk=iphoneos*]" = YES;
				"INFOPLIST_KEY_UIApplicationSupportsIndirectInputEvents[sdk=iphonesimulator*]" = YES;
				"INFOPLIST_KEY_UILaunchScreen_Generation[sdk=iphoneos*]" = YES;
				"INFOPLIST_KEY_UILaunchScreen_Generation[sdk=iphonesimulator*]" = YES;
				"INFOPLIST_KEY_UIStatusBarStyle[sdk=iphoneos*]" = UIStatusBarStyleDefault;
				"INFOPLIST_KEY_UIStatusBarStyle[sdk=iphonesimulator*]" = UIStatusBarStyleDefault;
				INFOPLIST_KEY_UISupportedInterfaceOrientations_iPad = "UIInterfaceOrientationPortrait UIInterfaceOrientationPortraitUpsideDown UIInterfaceOrientationLandscapeLeft UIInterfaceOrientationLandscapeRight";
				INFOPLIST_KEY_UISupportedInterfaceOrientations_iPhone = "UIInterfaceOrientationPortrait UIInterfaceOrientationLandscapeLeft UIInterfaceOrientationLandscapeRight";
				IPHONEOS_DEPLOYMENT_TARGET = 16.2;
				LD_RUNPATH_SEARCH_PATHS = "@executable_path/Frameworks";
				"LD_RUNPATH_SEARCH_PATHS[sdk=macosx*]" = "@executable_path/../Frameworks";
				MACOSX_DEPLOYMENT_TARGET = 13.0;
				MARKETING_VERSION = 1.0;
				PRODUCT_BUNDLE_IDENTIFIER = edu.hse.NetworkingLayer;
				PRODUCT_NAME = "$(TARGET_NAME)";
				SDKROOT = auto;
				SUPPORTED_PLATFORMS = "iphoneos iphonesimulator macosx";
				SWIFT_EMIT_LOC_STRINGS = YES;
				SWIFT_VERSION = 5.0;
				TARGETED_DEVICE_FAMILY = "1,2";
			};
			name = Debug;
		};
		DA164138298D764800902063 /* Release */ = {
			isa = XCBuildConfiguration;
			buildSettings = {
				ASSETCATALOG_COMPILER_APPICON_NAME = AppIcon;
				ASSETCATALOG_COMPILER_GLOBAL_ACCENT_COLOR_NAME = AccentColor;
				CODE_SIGN_ENTITLEMENTS = NetworkingLayer/NetworkingLayer.entitlements;
				CODE_SIGN_STYLE = Automatic;
				CURRENT_PROJECT_VERSION = 1;
				DEVELOPMENT_ASSET_PATHS = "\"NetworkingLayer/Preview Content\"";
				ENABLE_PREVIEWS = YES;
				GENERATE_INFOPLIST_FILE = YES;
				"INFOPLIST_KEY_UIApplicationSceneManifest_Generation[sdk=iphoneos*]" = YES;
				"INFOPLIST_KEY_UIApplicationSceneManifest_Generation[sdk=iphonesimulator*]" = YES;
				"INFOPLIST_KEY_UIApplicationSupportsIndirectInputEvents[sdk=iphoneos*]" = YES;
				"INFOPLIST_KEY_UIApplicationSupportsIndirectInputEvents[sdk=iphonesimulator*]" = YES;
				"INFOPLIST_KEY_UILaunchScreen_Generation[sdk=iphoneos*]" = YES;
				"INFOPLIST_KEY_UILaunchScreen_Generation[sdk=iphonesimulator*]" = YES;
				"INFOPLIST_KEY_UIStatusBarStyle[sdk=iphoneos*]" = UIStatusBarStyleDefault;
				"INFOPLIST_KEY_UIStatusBarStyle[sdk=iphonesimulator*]" = UIStatusBarStyleDefault;
				INFOPLIST_KEY_UISupportedInterfaceOrientations_iPad = "UIInterfaceOrientationPortrait UIInterfaceOrientationPortraitUpsideDown UIInterfaceOrientationLandscapeLeft UIInterfaceOrientationLandscapeRight";
				INFOPLIST_KEY_UISupportedInterfaceOrientations_iPhone = "UIInterfaceOrientationPortrait UIInterfaceOrientationLandscapeLeft UIInterfaceOrientationLandscapeRight";
				IPHONEOS_DEPLOYMENT_TARGET = 16.2;
				LD_RUNPATH_SEARCH_PATHS = "@executable_path/Frameworks";
				"LD_RUNPATH_SEARCH_PATHS[sdk=macosx*]" = "@executable_path/../Frameworks";
				MACOSX_DEPLOYMENT_TARGET = 13.0;
				MARKETING_VERSION = 1.0;
				PRODUCT_BUNDLE_IDENTIFIER = edu.hse.NetworkingLayer;
				PRODUCT_NAME = "$(TARGET_NAME)";
				SDKROOT = auto;
				SUPPORTED_PLATFORMS = "iphoneos iphonesimulator macosx";
				SWIFT_EMIT_LOC_STRINGS = YES;
				SWIFT_VERSION = 5.0;
				TARGETED_DEVICE_FAMILY = "1,2";
			};
			name = Release;
		};
/* End XCBuildConfiguration section */

/* Begin XCConfigurationList section */
		DA164122298D764700902063 /* Build configuration list for PBXProject "NetworkingLayer" */ = {
			isa = XCConfigurationList;
			buildConfigurations = (
				DA164134298D764800902063 /* Debug */,
				DA164135298D764800902063 /* Release */,
			);
			defaultConfigurationIsVisible = 0;
			defaultConfigurationName = Release;
		};
		DA164136298D764800902063 /* Build configuration list for PBXNativeTarget "NetworkingLayer" */ = {
			isa = XCConfigurationList;
			buildConfigurations = (
				DA164137298D764800902063 /* Debug */,
				DA164138298D764800902063 /* Release */,
			);
			defaultConfigurationIsVisible = 0;
			defaultConfigurationName = Release;
		};
/* End XCConfigurationList section */
	};
	rootObject = DA16411F298D764700902063 /* Project object */;
}
